// !$*UTF8*$!
{
	archiveVersion = 1;
	classes = {
	};
	objectVersion = 46;
	objects = {

/* Begin PBXBuildFile section */
		2F19C11D159AAD4D0066D3B6 /* UIKit.framework in Frameworks */ = {isa = PBXBuildFile; fileRef = 2F19C11C159AAD4D0066D3B6 /* UIKit.framework */; };
		2F19C11F159AAD4D0066D3B6 /* Foundation.framework in Frameworks */ = {isa = PBXBuildFile; fileRef = 2F19C11E159AAD4D0066D3B6 /* Foundation.framework */; };
		2F19C121159AAD4D0066D3B6 /* CoreGraphics.framework in Frameworks */ = {isa = PBXBuildFile; fileRef = 2F19C120159AAD4D0066D3B6 /* CoreGraphics.framework */; };
		2F19C127159AAD4D0066D3B6 /* InfoPlist.strings in Resources */ = {isa = PBXBuildFile; fileRef = 2F19C125159AAD4D0066D3B6 /* InfoPlist.strings */; };
		2F19C129159AAD4D0066D3B6 /* main.m in Sources */ = {isa = PBXBuildFile; fileRef = 2F19C128159AAD4D0066D3B6 /* main.m */; };
		2F19C12D159AAD4D0066D3B6 /* AppDelegate.m in Sources */ = {isa = PBXBuildFile; fileRef = 2F19C12C159AAD4D0066D3B6 /* AppDelegate.m */; };
		2F19C130159AAD4D0066D3B6 /* ViewController.m in Sources */ = {isa = PBXBuildFile; fileRef = 2F19C12F159AAD4D0066D3B6 /* ViewController.m */; };
		2F19C133159AAD4D0066D3B6 /* ViewController.xib in Resources */ = {isa = PBXBuildFile; fileRef = 2F19C131159AAD4D0066D3B6 /* ViewController.xib */; };
		2F19C16E159AAFF20066D3B6 /* QuartzCore.framework in Frameworks */ = {isa = PBXBuildFile; fileRef = 2F19C167159AAF550066D3B6 /* QuartzCore.framework */; };
		2F47AA9F159AE10C00F1AAC0 /* TDSTableViewDataSource.m in Sources */ = {isa = PBXBuildFile; fileRef = 2F47AA78159AE10C00F1AAC0 /* TDSTableViewDataSource.m */; };
		2F47AAA0159AE10C00F1AAC0 /* TDSTableViewSectionedDataSource.m in Sources */ = {isa = PBXBuildFile; fileRef = 2F47AA7A159AE10C00F1AAC0 /* TDSTableViewSectionedDataSource.m */; };
		2F47AAA1159AE10C00F1AAC0 /* NSObject+Ext.m in Sources */ = {isa = PBXBuildFile; fileRef = 2F47AA7D159AE10C00F1AAC0 /* NSObject+Ext.m */; };
		2F47AAA2159AE10C00F1AAC0 /* UIWindow+Ext.m in Sources */ = {isa = PBXBuildFile; fileRef = 2F47AA7F159AE10C00F1AAC0 /* UIWindow+Ext.m */; };
		2F47AAA3159AE10C00F1AAC0 /* TDSTableViewItem.m in Sources */ = {isa = PBXBuildFile; fileRef = 2F47AA82159AE10C00F1AAC0 /* TDSTableViewItem.m */; };
		2F47AAA4159AE10C00F1AAC0 /* TDSTableViewLoadMoreItem.m in Sources */ = {isa = PBXBuildFile; fileRef = 2F47AA84159AE10C00F1AAC0 /* TDSTableViewLoadMoreItem.m */; };
		2F47AAA5159AE10C00F1AAC0 /* TDSTableViewSectionObject.m in Sources */ = {isa = PBXBuildFile; fileRef = 2F47AA86159AE10C00F1AAC0 /* TDSTableViewSectionObject.m */; };
		2F47AAA6159AE10C00F1AAC0 /* TDSTextTableViewItem.m in Sources */ = {isa = PBXBuildFile; fileRef = 2F47AA88159AE10C00F1AAC0 /* TDSTextTableViewItem.m */; };
		2F47AAA8159AE10C00F1AAC0 /* SVPullToRefresh.m in Sources */ = {isa = PBXBuildFile; fileRef = 2F47AA8D159AE10C00F1AAC0 /* SVPullToRefresh.m */; };
		2F47AAA9159AE10C00F1AAC0 /* TDSSearchDisplayController.m in Sources */ = {isa = PBXBuildFile; fileRef = 2F47AA8F159AE10C00F1AAC0 /* TDSSearchDisplayController.m */; };
		2F47AAAA159AE10C00F1AAC0 /* TDSTableViewController.m in Sources */ = {isa = PBXBuildFile; fileRef = 2F47AA91159AE10C00F1AAC0 /* TDSTableViewController.m */; };
		2F47AAAB159AE10C00F1AAC0 /* TDSViewController.m in Sources */ = {isa = PBXBuildFile; fileRef = 2F47AA93159AE10C00F1AAC0 /* TDSViewController.m */; };
		2F47AAAC159AE10C00F1AAC0 /* TDSErrorView.m in Sources */ = {isa = PBXBuildFile; fileRef = 2F47AA96159AE10C00F1AAC0 /* TDSErrorView.m */; };
		2F47AAAD159AE10C00F1AAC0 /* TDSTableView.m in Sources */ = {isa = PBXBuildFile; fileRef = 2F47AA98159AE10C00F1AAC0 /* TDSTableView.m */; };
		2F47AAAE159AE10C00F1AAC0 /* TDSTableViewCell.m in Sources */ = {isa = PBXBuildFile; fileRef = 2F47AA9A159AE10C00F1AAC0 /* TDSTableViewCell.m */; };
		2F47AAAF159AE10C00F1AAC0 /* TDSTableViewLoadMoreCell.m in Sources */ = {isa = PBXBuildFile; fileRef = 2F47AA9C159AE10C00F1AAC0 /* TDSTableViewLoadMoreCell.m */; };
		2F47AAB0159AE10C00F1AAC0 /* TDSTextTableViewCell.m in Sources */ = {isa = PBXBuildFile; fileRef = 2F47AA9E159AE10C00F1AAC0 /* TDSTextTableViewCell.m */; };
		2F47AAB4159AE20800F1AAC0 /* TestViewController.m in Sources */ = {isa = PBXBuildFile; fileRef = 2F47AAB3159AE20800F1AAC0 /* TestViewController.m */; };
		2F47AAB7159AE7CE00F1AAC0 /* TestTableViewDataSource.m in Sources */ = {isa = PBXBuildFile; fileRef = 2F47AAB6159AE7CE00F1AAC0 /* TestTableViewDataSource.m */; };
		2F47AABA159AF14700F1AAC0 /* arrow.png in Resources */ = {isa = PBXBuildFile; fileRef = 2F47AAB8159AF14700F1AAC0 /* arrow.png */; };
		2F47AABB159AF14700F1AAC0 /* arrow@2x.png in Resources */ = {isa = PBXBuildFile; fileRef = 2F47AAB9159AF14700F1AAC0 /* arrow@2x.png */; };
/* End PBXBuildFile section */

/* Begin PBXFileReference section */
		2F19C118159AAD4D0066D3B6 /* TDSTableViewController.app */ = {isa = PBXFileReference; explicitFileType = wrapper.application; includeInIndex = 0; path = TDSTableViewController.app; sourceTree = BUILT_PRODUCTS_DIR; };
		2F19C11C159AAD4D0066D3B6 /* UIKit.framework */ = {isa = PBXFileReference; lastKnownFileType = wrapper.framework; name = UIKit.framework; path = System/Library/Frameworks/UIKit.framework; sourceTree = SDKROOT; };
		2F19C11E159AAD4D0066D3B6 /* Foundation.framework */ = {isa = PBXFileReference; lastKnownFileType = wrapper.framework; name = Foundation.framework; path = System/Library/Frameworks/Foundation.framework; sourceTree = SDKROOT; };
		2F19C120159AAD4D0066D3B6 /* CoreGraphics.framework */ = {isa = PBXFileReference; lastKnownFileType = wrapper.framework; name = CoreGraphics.framework; path = System/Library/Frameworks/CoreGraphics.framework; sourceTree = SDKROOT; };
		2F19C124159AAD4D0066D3B6 /* TDSTableViewController-Info.plist */ = {isa = PBXFileReference; lastKnownFileType = text.plist.xml; path = "TDSTableViewController-Info.plist"; sourceTree = "<group>"; };
		2F19C126159AAD4D0066D3B6 /* en */ = {isa = PBXFileReference; lastKnownFileType = text.plist.strings; name = en; path = en.lproj/InfoPlist.strings; sourceTree = "<group>"; };
		2F19C128159AAD4D0066D3B6 /* main.m */ = {isa = PBXFileReference; lastKnownFileType = sourcecode.c.objc; path = main.m; sourceTree = "<group>"; };
		2F19C12A159AAD4D0066D3B6 /* TDSTableViewController-Prefix.pch */ = {isa = PBXFileReference; lastKnownFileType = sourcecode.c.h; path = "TDSTableViewController-Prefix.pch"; sourceTree = "<group>"; };
		2F19C12B159AAD4D0066D3B6 /* AppDelegate.h */ = {isa = PBXFileReference; lastKnownFileType = sourcecode.c.h; path = AppDelegate.h; sourceTree = "<group>"; };
		2F19C12C159AAD4D0066D3B6 /* AppDelegate.m */ = {isa = PBXFileReference; lastKnownFileType = sourcecode.c.objc; path = AppDelegate.m; sourceTree = "<group>"; };
		2F19C12E159AAD4D0066D3B6 /* ViewController.h */ = {isa = PBXFileReference; lastKnownFileType = sourcecode.c.h; path = ViewController.h; sourceTree = "<group>"; };
		2F19C12F159AAD4D0066D3B6 /* ViewController.m */ = {isa = PBXFileReference; lastKnownFileType = sourcecode.c.objc; path = ViewController.m; sourceTree = "<group>"; };
		2F19C132159AAD4D0066D3B6 /* en */ = {isa = PBXFileReference; lastKnownFileType = file.xib; name = en; path = en.lproj/ViewController.xib; sourceTree = "<group>"; };
		2F19C167159AAF550066D3B6 /* QuartzCore.framework */ = {isa = PBXFileReference; lastKnownFileType = wrapper.framework; name = QuartzCore.framework; path = System/Library/Frameworks/QuartzCore.framework; sourceTree = SDKROOT; };
		2F19C1DF159ADB1D0066D3B6 /* TDSGlobal.h */ = {isa = PBXFileReference; fileEncoding = 4; lastKnownFileType = sourcecode.c.h; path = TDSGlobal.h; sourceTree = "<group>"; };
		2F47AA77159AE10C00F1AAC0 /* TDSTableViewDataSource.h */ = {isa = PBXFileReference; fileEncoding = 4; lastKnownFileType = sourcecode.c.h; path = TDSTableViewDataSource.h; sourceTree = "<group>"; };
		2F47AA78159AE10C00F1AAC0 /* TDSTableViewDataSource.m */ = {isa = PBXFileReference; fileEncoding = 4; lastKnownFileType = sourcecode.c.objc; path = TDSTableViewDataSource.m; sourceTree = "<group>"; };
		2F47AA79159AE10C00F1AAC0 /* TDSTableViewSectionedDataSource.h */ = {isa = PBXFileReference; fileEncoding = 4; lastKnownFileType = sourcecode.c.h; path = TDSTableViewSectionedDataSource.h; sourceTree = "<group>"; };
		2F47AA7A159AE10C00F1AAC0 /* TDSTableViewSectionedDataSource.m */ = {isa = PBXFileReference; fileEncoding = 4; lastKnownFileType = sourcecode.c.objc; path = TDSTableViewSectionedDataSource.m; sourceTree = "<group>"; };
		2F47AA7C159AE10C00F1AAC0 /* NSObject+Ext.h */ = {isa = PBXFileReference; fileEncoding = 4; lastKnownFileType = sourcecode.c.h; path = "NSObject+Ext.h"; sourceTree = "<group>"; };
		2F47AA7D159AE10C00F1AAC0 /* NSObject+Ext.m */ = {isa = PBXFileReference; fileEncoding = 4; lastKnownFileType = sourcecode.c.objc; path = "NSObject+Ext.m"; sourceTree = "<group>"; };
		2F47AA7E159AE10C00F1AAC0 /* UIWindow+Ext.h */ = {isa = PBXFileReference; fileEncoding = 4; lastKnownFileType = sourcecode.c.h; path = "UIWindow+Ext.h"; sourceTree = "<group>"; };
		2F47AA7F159AE10C00F1AAC0 /* UIWindow+Ext.m */ = {isa = PBXFileReference; fileEncoding = 4; lastKnownFileType = sourcecode.c.objc; path = "UIWindow+Ext.m"; sourceTree = "<group>"; };
		2F47AA81159AE10C00F1AAC0 /* TDSTableViewItem.h */ = {isa = PBXFileReference; fileEncoding = 4; lastKnownFileType = sourcecode.c.h; path = TDSTableViewItem.h; sourceTree = "<group>"; };
		2F47AA82159AE10C00F1AAC0 /* TDSTableViewItem.m */ = {isa = PBXFileReference; fileEncoding = 4; lastKnownFileType = sourcecode.c.objc; path = TDSTableViewItem.m; sourceTree = "<group>"; };
		2F47AA83159AE10C00F1AAC0 /* TDSTableViewLoadMoreItem.h */ = {isa = PBXFileReference; fileEncoding = 4; lastKnownFileType = sourcecode.c.h; path = TDSTableViewLoadMoreItem.h; sourceTree = "<group>"; };
		2F47AA84159AE10C00F1AAC0 /* TDSTableViewLoadMoreItem.m */ = {isa = PBXFileReference; fileEncoding = 4; lastKnownFileType = sourcecode.c.objc; path = TDSTableViewLoadMoreItem.m; sourceTree = "<group>"; };
		2F47AA85159AE10C00F1AAC0 /* TDSTableViewSectionObject.h */ = {isa = PBXFileReference; fileEncoding = 4; lastKnownFileType = sourcecode.c.h; path = TDSTableViewSectionObject.h; sourceTree = "<group>"; };
		2F47AA86159AE10C00F1AAC0 /* TDSTableViewSectionObject.m */ = {isa = PBXFileReference; fileEncoding = 4; lastKnownFileType = sourcecode.c.objc; path = TDSTableViewSectionObject.m; sourceTree = "<group>"; };
		2F47AA87159AE10C00F1AAC0 /* TDSTextTableViewItem.h */ = {isa = PBXFileReference; fileEncoding = 4; lastKnownFileType = sourcecode.c.h; path = TDSTextTableViewItem.h; sourceTree = "<group>"; };
		2F47AA88159AE10C00F1AAC0 /* TDSTextTableViewItem.m */ = {isa = PBXFileReference; fileEncoding = 4; lastKnownFileType = sourcecode.c.objc; path = TDSTextTableViewItem.m; sourceTree = "<group>"; };
		2F47AA8C159AE10C00F1AAC0 /* SVPullToRefresh.h */ = {isa = PBXFileReference; fileEncoding = 4; lastKnownFileType = sourcecode.c.h; path = SVPullToRefresh.h; sourceTree = "<group>"; };
		2F47AA8D159AE10C00F1AAC0 /* SVPullToRefresh.m */ = {isa = PBXFileReference; fileEncoding = 4; lastKnownFileType = sourcecode.c.objc; path = SVPullToRefresh.m; sourceTree = "<group>"; };
		2F47AA8E159AE10C00F1AAC0 /* TDSSearchDisplayController.h */ = {isa = PBXFileReference; fileEncoding = 4; lastKnownFileType = sourcecode.c.h; path = TDSSearchDisplayController.h; sourceTree = "<group>"; };
		2F47AA8F159AE10C00F1AAC0 /* TDSSearchDisplayController.m */ = {isa = PBXFileReference; fileEncoding = 4; lastKnownFileType = sourcecode.c.objc; path = TDSSearchDisplayController.m; sourceTree = "<group>"; };
		2F47AA90159AE10C00F1AAC0 /* TDSTableViewController.h */ = {isa = PBXFileReference; fileEncoding = 4; lastKnownFileType = sourcecode.c.h; path = TDSTableViewController.h; sourceTree = "<group>"; };
		2F47AA91159AE10C00F1AAC0 /* TDSTableViewController.m */ = {isa = PBXFileReference; fileEncoding = 4; lastKnownFileType = sourcecode.c.objc; path = TDSTableViewController.m; sourceTree = "<group>"; };
		2F47AA92159AE10C00F1AAC0 /* TDSViewController.h */ = {isa = PBXFileReference; fileEncoding = 4; lastKnownFileType = sourcecode.c.h; path = TDSViewController.h; sourceTree = "<group>"; };
		2F47AA93159AE10C00F1AAC0 /* TDSViewController.m */ = {isa = PBXFileReference; fileEncoding = 4; lastKnownFileType = sourcecode.c.objc; path = TDSViewController.m; sourceTree = "<group>"; };
		2F47AA95159AE10C00F1AAC0 /* TDSErrorView.h */ = {isa = PBXFileReference; fileEncoding = 4; lastKnownFileType = sourcecode.c.h; path = TDSErrorView.h; sourceTree = "<group>"; };
		2F47AA96159AE10C00F1AAC0 /* TDSErrorView.m */ = {isa = PBXFileReference; fileEncoding = 4; lastKnownFileType = sourcecode.c.objc; path = TDSErrorView.m; sourceTree = "<group>"; };
		2F47AA97159AE10C00F1AAC0 /* TDSTableView.h */ = {isa = PBXFileReference; fileEncoding = 4; lastKnownFileType = sourcecode.c.h; path = TDSTableView.h; sourceTree = "<group>"; };
		2F47AA98159AE10C00F1AAC0 /* TDSTableView.m */ = {isa = PBXFileReference; fileEncoding = 4; lastKnownFileType = sourcecode.c.objc; path = TDSTableView.m; sourceTree = "<group>"; };
		2F47AA99159AE10C00F1AAC0 /* TDSTableViewCell.h */ = {isa = PBXFileReference; fileEncoding = 4; lastKnownFileType = sourcecode.c.h; path = TDSTableViewCell.h; sourceTree = "<group>"; };
		2F47AA9A159AE10C00F1AAC0 /* TDSTableViewCell.m */ = {isa = PBXFileReference; fileEncoding = 4; lastKnownFileType = sourcecode.c.objc; path = TDSTableViewCell.m; sourceTree = "<group>"; };
		2F47AA9B159AE10C00F1AAC0 /* TDSTableViewLoadMoreCell.h */ = {isa = PBXFileReference; fileEncoding = 4; lastKnownFileType = sourcecode.c.h; path = TDSTableViewLoadMoreCell.h; sourceTree = "<group>"; };
		2F47AA9C159AE10C00F1AAC0 /* TDSTableViewLoadMoreCell.m */ = {isa = PBXFileReference; fileEncoding = 4; lastKnownFileType = sourcecode.c.objc; path = TDSTableViewLoadMoreCell.m; sourceTree = "<group>"; };
		2F47AA9D159AE10C00F1AAC0 /* TDSTextTableViewCell.h */ = {isa = PBXFileReference; fileEncoding = 4; lastKnownFileType = sourcecode.c.h; path = TDSTextTableViewCell.h; sourceTree = "<group>"; };
		2F47AA9E159AE10C00F1AAC0 /* TDSTextTableViewCell.m */ = {isa = PBXFileReference; fileEncoding = 4; lastKnownFileType = sourcecode.c.objc; path = TDSTextTableViewCell.m; sourceTree = "<group>"; };
		2F47AAB2159AE20800F1AAC0 /* TestViewController.h */ = {isa = PBXFileReference; fileEncoding = 4; lastKnownFileType = sourcecode.c.h; path = TestViewController.h; sourceTree = "<group>"; };
		2F47AAB3159AE20800F1AAC0 /* TestViewController.m */ = {isa = PBXFileReference; fileEncoding = 4; lastKnownFileType = sourcecode.c.objc; path = TestViewController.m; sourceTree = "<group>"; };
		2F47AAB5159AE7CE00F1AAC0 /* TestTableViewDataSource.h */ = {isa = PBXFileReference; fileEncoding = 4; lastKnownFileType = sourcecode.c.h; path = TestTableViewDataSource.h; sourceTree = "<group>"; };
		2F47AAB6159AE7CE00F1AAC0 /* TestTableViewDataSource.m */ = {isa = PBXFileReference; fileEncoding = 4; lastKnownFileType = sourcecode.c.objc; path = TestTableViewDataSource.m; sourceTree = "<group>"; };
		2F47AAB8159AF14700F1AAC0 /* arrow.png */ = {isa = PBXFileReference; lastKnownFileType = image.png; path = arrow.png; sourceTree = "<group>"; };
		2F47AAB9159AF14700F1AAC0 /* arrow@2x.png */ = {isa = PBXFileReference; lastKnownFileType = image.png; path = "arrow@2x.png"; sourceTree = "<group>"; };
/* End PBXFileReference section */

/* Begin PBXFrameworksBuildPhase section */
		2F19C115159AAD4D0066D3B6 /* Frameworks */ = {
			isa = PBXFrameworksBuildPhase;
			buildActionMask = 2147483647;
			files = (
				2F19C16E159AAFF20066D3B6 /* QuartzCore.framework in Frameworks */,
				2F19C11D159AAD4D0066D3B6 /* UIKit.framework in Frameworks */,
				2F19C11F159AAD4D0066D3B6 /* Foundation.framework in Frameworks */,
				2F19C121159AAD4D0066D3B6 /* CoreGraphics.framework in Frameworks */,
			);
			runOnlyForDeploymentPostprocessing = 0;
		};
/* End PBXFrameworksBuildPhase section */

/* Begin PBXGroup section */
		2F19C10D159AAD4D0066D3B6 = {
			isa = PBXGroup;
			children = (
				2F19C122159AAD4D0066D3B6 /* TDSTableViewController */,
				2F19C11B159AAD4D0066D3B6 /* Frameworks */,
				2F19C119159AAD4D0066D3B6 /* Products */,
			);
			sourceTree = "<group>";
		};
		2F19C119159AAD4D0066D3B6 /* Products */ = {
			isa = PBXGroup;
			children = (
				2F19C118159AAD4D0066D3B6 /* TDSTableViewController.app */,
			);
			name = Products;
			sourceTree = "<group>";
		};
		2F19C11B159AAD4D0066D3B6 /* Frameworks */ = {
			isa = PBXGroup;
			children = (
				2F19C167159AAF550066D3B6 /* QuartzCore.framework */,
				2F19C11C159AAD4D0066D3B6 /* UIKit.framework */,
				2F19C11E159AAD4D0066D3B6 /* Foundation.framework */,
				2F19C120159AAD4D0066D3B6 /* CoreGraphics.framework */,
			);
			name = Frameworks;
			sourceTree = "<group>";
		};
		2F19C122159AAD4D0066D3B6 /* TDSTableViewController */ = {
			isa = PBXGroup;
			children = (
				2F47AA75159AE10C00F1AAC0 /* TDSTableViewController */,
				2F47AAB1159AE1E800F1AAC0 /* test */,
				2F19C12B159AAD4D0066D3B6 /* AppDelegate.h */,
				2F19C12C159AAD4D0066D3B6 /* AppDelegate.m */,
				2F19C12E159AAD4D0066D3B6 /* ViewController.h */,
				2F19C12F159AAD4D0066D3B6 /* ViewController.m */,
				2F19C131159AAD4D0066D3B6 /* ViewController.xib */,
				2F19C1DF159ADB1D0066D3B6 /* TDSGlobal.h */,
				2F19C123159AAD4D0066D3B6 /* Supporting Files */,
			);
			path = TDSTableViewController;
			sourceTree = "<group>";
		};
		2F19C123159AAD4D0066D3B6 /* Supporting Files */ = {
			isa = PBXGroup;
			children = (
				2F19C124159AAD4D0066D3B6 /* TDSTableViewController-Info.plist */,
				2F19C125159AAD4D0066D3B6 /* InfoPlist.strings */,
				2F19C128159AAD4D0066D3B6 /* main.m */,
				2F19C12A159AAD4D0066D3B6 /* TDSTableViewController-Prefix.pch */,
			);
			name = "Supporting Files";
			sourceTree = "<group>";
		};
		2F47AA75159AE10C00F1AAC0 /* TDSTableViewController */ = {
			isa = PBXGroup;
			children = (
				2F47AA76159AE10C00F1AAC0 /* DataSource */,
				2F47AA80159AE10C00F1AAC0 /* Item */,
				2F47AA94159AE10C00F1AAC0 /* View */,
				2F47AA92159AE10C00F1AAC0 /* TDSViewController.h */,
				2F47AA93159AE10C00F1AAC0 /* TDSViewController.m */,
				2F47AA90159AE10C00F1AAC0 /* TDSTableViewController.h */,
				2F47AA91159AE10C00F1AAC0 /* TDSTableViewController.m */,
				2F47AA8E159AE10C00F1AAC0 /* TDSSearchDisplayController.h */,
				2F47AA8F159AE10C00F1AAC0 /* TDSSearchDisplayController.m */,
				2F47AA7B159AE10C00F1AAC0 /* Ext */,
				2F47AA8B159AE10C00F1AAC0 /* SVPullToRefresh */,
			);
			path = TDSTableViewController;
			sourceTree = "<group>";
		};
		2F47AA76159AE10C00F1AAC0 /* DataSource */ = {
			isa = PBXGroup;
			children = (
				2F47AA77159AE10C00F1AAC0 /* TDSTableViewDataSource.h */,
				2F47AA78159AE10C00F1AAC0 /* TDSTableViewDataSource.m */,
				2F47AA79159AE10C00F1AAC0 /* TDSTableViewSectionedDataSource.h */,
				2F47AA7A159AE10C00F1AAC0 /* TDSTableViewSectionedDataSource.m */,
			);
			path = DataSource;
			sourceTree = "<group>";
		};
		2F47AA7B159AE10C00F1AAC0 /* Ext */ = {
			isa = PBXGroup;
			children = (
				2F47AA7C159AE10C00F1AAC0 /* NSObject+Ext.h */,
				2F47AA7D159AE10C00F1AAC0 /* NSObject+Ext.m */,
				2F47AA7E159AE10C00F1AAC0 /* UIWindow+Ext.h */,
				2F47AA7F159AE10C00F1AAC0 /* UIWindow+Ext.m */,
			);
			path = Ext;
			sourceTree = "<group>";
		};
		2F47AA80159AE10C00F1AAC0 /* Item */ = {
			isa = PBXGroup;
			children = (
				2F47AA81159AE10C00F1AAC0 /* TDSTableViewItem.h */,
				2F47AA82159AE10C00F1AAC0 /* TDSTableViewItem.m */,
				2F47AA83159AE10C00F1AAC0 /* TDSTableViewLoadMoreItem.h */,
				2F47AA84159AE10C00F1AAC0 /* TDSTableViewLoadMoreItem.m */,
				2F47AA85159AE10C00F1AAC0 /* TDSTableViewSectionObject.h */,
				2F47AA86159AE10C00F1AAC0 /* TDSTableViewSectionObject.m */,
				2F47AA87159AE10C00F1AAC0 /* TDSTextTableViewItem.h */,
				2F47AA88159AE10C00F1AAC0 /* TDSTextTableViewItem.m */,
			);
			path = Item;
			sourceTree = "<group>";
		};
		2F47AA8B159AE10C00F1AAC0 /* SVPullToRefresh */ = {
			isa = PBXGroup;
			children = (
				2F47AAB8159AF14700F1AAC0 /* arrow.png */,
				2F47AAB9159AF14700F1AAC0 /* arrow@2x.png */,
				2F47AA8C159AE10C00F1AAC0 /* SVPullToRefresh.h */,
				2F47AA8D159AE10C00F1AAC0 /* SVPullToRefresh.m */,
			);
			path = SVPullToRefresh;
			sourceTree = "<group>";
		};
		2F47AA94159AE10C00F1AAC0 /* View */ = {
			isa = PBXGroup;
			children = (
				2F47AA97159AE10C00F1AAC0 /* TDSTableView.h */,
				2F47AA98159AE10C00F1AAC0 /* TDSTableView.m */,
				2F47AA95159AE10C00F1AAC0 /* TDSErrorView.h */,
				2F47AA96159AE10C00F1AAC0 /* TDSErrorView.m */,
				2F47AA99159AE10C00F1AAC0 /* TDSTableViewCell.h */,
				2F47AA9A159AE10C00F1AAC0 /* TDSTableViewCell.m */,
				2F47AA9B159AE10C00F1AAC0 /* TDSTableViewLoadMoreCell.h */,
				2F47AA9C159AE10C00F1AAC0 /* TDSTableViewLoadMoreCell.m */,
				2F47AA9D159AE10C00F1AAC0 /* TDSTextTableViewCell.h */,
				2F47AA9E159AE10C00F1AAC0 /* TDSTextTableViewCell.m */,
			);
			path = View;
			sourceTree = "<group>";
		};
		2F47AAB1159AE1E800F1AAC0 /* test */ = {
			isa = PBXGroup;
			children = (
				2F47AAB2159AE20800F1AAC0 /* TestViewController.h */,
				2F47AAB3159AE20800F1AAC0 /* TestViewController.m */,
				2F47AAB5159AE7CE00F1AAC0 /* TestTableViewDataSource.h */,
				2F47AAB6159AE7CE00F1AAC0 /* TestTableViewDataSource.m */,
			);
			name = test;
			sourceTree = "<group>";
		};
/* End PBXGroup section */

/* Begin PBXNativeTarget section */
		2F19C117159AAD4D0066D3B6 /* TDSTableViewController */ = {
			isa = PBXNativeTarget;
			buildConfigurationList = 2F19C136159AAD4D0066D3B6 /* Build configuration list for PBXNativeTarget "TDSTableViewController" */;
			buildPhases = (
				2F19C114159AAD4D0066D3B6 /* Sources */,
				2F19C115159AAD4D0066D3B6 /* Frameworks */,
				2F19C116159AAD4D0066D3B6 /* Resources */,
			);
			buildRules = (
			);
			dependencies = (
			);
			name = TDSTableViewController;
			productName = TDSTableViewController;
			productReference = 2F19C118159AAD4D0066D3B6 /* TDSTableViewController.app */;
			productType = "com.apple.product-type.application";
		};
/* End PBXNativeTarget section */

/* Begin PBXProject section */
		2F19C10F159AAD4D0066D3B6 /* Project object */ = {
			isa = PBXProject;
			attributes = {
				LastUpgradeCheck = 0430;
			};
			buildConfigurationList = 2F19C112159AAD4D0066D3B6 /* Build configuration list for PBXProject "TDSTableViewController" */;
			compatibilityVersion = "Xcode 3.2";
			developmentRegion = English;
			hasScannedForEncodings = 0;
			knownRegions = (
				en,
			);
			mainGroup = 2F19C10D159AAD4D0066D3B6;
			productRefGroup = 2F19C119159AAD4D0066D3B6 /* Products */;
			projectDirPath = "";
			projectRoot = "";
			targets = (
				2F19C117159AAD4D0066D3B6 /* TDSTableViewController */,
			);
		};
/* End PBXProject section */

/* Begin PBXResourcesBuildPhase section */
		2F19C116159AAD4D0066D3B6 /* Resources */ = {
			isa = PBXResourcesBuildPhase;
			buildActionMask = 2147483647;
			files = (
				2F19C127159AAD4D0066D3B6 /* InfoPlist.strings in Resources */,
				2F19C133159AAD4D0066D3B6 /* ViewController.xib in Resources */,
				2F47AABA159AF14700F1AAC0 /* arrow.png in Resources */,
				2F47AABB159AF14700F1AAC0 /* arrow@2x.png in Resources */,
			);
			runOnlyForDeploymentPostprocessing = 0;
		};
/* End PBXResourcesBuildPhase section */

/* Begin PBXSourcesBuildPhase section */
		2F19C114159AAD4D0066D3B6 /* Sources */ = {
			isa = PBXSourcesBuildPhase;
			buildActionMask = 2147483647;
			files = (
				2F19C129159AAD4D0066D3B6 /* main.m in Sources */,
				2F19C12D159AAD4D0066D3B6 /* AppDelegate.m in Sources */,
				2F19C130159AAD4D0066D3B6 /* ViewController.m in Sources */,
				2F47AA9F159AE10C00F1AAC0 /* TDSTableViewDataSource.m in Sources */,
				2F47AAA0159AE10C00F1AAC0 /* TDSTableViewSectionedDataSource.m in Sources */,
				2F47AAA1159AE10C00F1AAC0 /* NSObject+Ext.m in Sources */,
				2F47AAA2159AE10C00F1AAC0 /* UIWindow+Ext.m in Sources */,
				2F47AAA3159AE10C00F1AAC0 /* TDSTableViewItem.m in Sources */,
				2F47AAA4159AE10C00F1AAC0 /* TDSTableViewLoadMoreItem.m in Sources */,
				2F47AAA5159AE10C00F1AAC0 /* TDSTableViewSectionObject.m in Sources */,
				2F47AAA6159AE10C00F1AAC0 /* TDSTextTableViewItem.m in Sources */,
				2F47AAA8159AE10C00F1AAC0 /* SVPullToRefresh.m in Sources */,
				2F47AAA9159AE10C00F1AAC0 /* TDSSearchDisplayController.m in Sources */,
				2F47AAAA159AE10C00F1AAC0 /* TDSTableViewController.m in Sources */,
				2F47AAAB159AE10C00F1AAC0 /* TDSViewController.m in Sources */,
				2F47AAAC159AE10C00F1AAC0 /* TDSErrorView.m in Sources */,
				2F47AAAD159AE10C00F1AAC0 /* TDSTableView.m in Sources */,
				2F47AAAE159AE10C00F1AAC0 /* TDSTableViewCell.m in Sources */,
				2F47AAAF159AE10C00F1AAC0 /* TDSTableViewLoadMoreCell.m in Sources */,
				2F47AAB0159AE10C00F1AAC0 /* TDSTextTableViewCell.m in Sources */,
				2F47AAB4159AE20800F1AAC0 /* TestViewController.m in Sources */,
				2F47AAB7159AE7CE00F1AAC0 /* TestTableViewDataSource.m in Sources */,
			);
			runOnlyForDeploymentPostprocessing = 0;
		};
/* End PBXSourcesBuildPhase section */

/* Begin PBXVariantGroup section */
		2F19C125159AAD4D0066D3B6 /* InfoPlist.strings */ = {
			isa = PBXVariantGroup;
			children = (
				2F19C126159AAD4D0066D3B6 /* en */,
			);
			name = InfoPlist.strings;
			sourceTree = "<group>";
		};
		2F19C131159AAD4D0066D3B6 /* ViewController.xib */ = {
			isa = PBXVariantGroup;
			children = (
				2F19C132159AAD4D0066D3B6 /* en */,
			);
			name = ViewController.xib;
			sourceTree = "<group>";
		};
/* End PBXVariantGroup section */

/* Begin XCBuildConfiguration section */
		2F19C134159AAD4D0066D3B6 /* Debug */ = {
			isa = XCBuildConfiguration;
			buildSettings = {
				ALWAYS_SEARCH_USER_PATHS = NO;
				ARCHS = "$(ARCHS_STANDARD_32_BIT)";
				"CODE_SIGN_IDENTITY[sdk=iphoneos*]" = "iPhone Developer";
				COPY_PHASE_STRIP = NO;
				GCC_C_LANGUAGE_STANDARD = gnu99;
				GCC_DYNAMIC_NO_PIC = NO;
				GCC_OPTIMIZATION_LEVEL = 0;
				GCC_PREPROCESSOR_DEFINITIONS = (
					"DEBUG=1",
					"$(inherited)",
				);
				GCC_SYMBOLS_PRIVATE_EXTERN = NO;
				GCC_VERSION = com.apple.compilers.llvm.clang.1_0;
				GCC_WARN_ABOUT_RETURN_TYPE = YES;
				GCC_WARN_UNINITIALIZED_AUTOS = YES;
				GCC_WARN_UNUSED_VARIABLE = YES;
				IPHONEOS_DEPLOYMENT_TARGET = 5.1;
				SDKROOT = iphoneos;
			};
			name = Debug;
		};
		2F19C135159AAD4D0066D3B6 /* Release */ = {
			isa = XCBuildConfiguration;
			buildSettings = {
				ALWAYS_SEARCH_USER_PATHS = NO;
				ARCHS = "$(ARCHS_STANDARD_32_BIT)";
				"CODE_SIGN_IDENTITY[sdk=iphoneos*]" = "iPhone Developer";
				COPY_PHASE_STRIP = YES;
				GCC_C_LANGUAGE_STANDARD = gnu99;
				GCC_VERSION = com.apple.compilers.llvm.clang.1_0;
				GCC_WARN_ABOUT_RETURN_TYPE = YES;
				GCC_WARN_UNINITIALIZED_AUTOS = YES;
				GCC_WARN_UNUSED_VARIABLE = YES;
				IPHONEOS_DEPLOYMENT_TARGET = 5.1;
				OTHER_CFLAGS = "-DNS_BLOCK_ASSERTIONS=1";
				SDKROOT = iphoneos;
				VALIDATE_PRODUCT = YES;
			};
			name = Release;
		};
		2F19C137159AAD4D0066D3B6 /* Debug */ = {
			isa = XCBuildConfiguration;
			buildSettings = {
				GCC_PRECOMPILE_PREFIX_HEADER = YES;
				GCC_PREFIX_HEADER = "TDSTableViewController/TDSTableViewController-Prefix.pch";
				INFOPLIST_FILE = "TDSTableViewController/TDSTableViewController-Info.plist";
				IPHONEOS_DEPLOYMENT_TARGET = 4.0;
				PRODUCT_NAME = "$(TARGET_NAME)";
				WRAPPER_EXTENSION = app;
			};
			name = Debug;
		};
		2F19C138159AAD4D0066D3B6 /* Release */ = {
			isa = XCBuildConfiguration;
			buildSettings = {
				GCC_PRECOMPILE_PREFIX_HEADER = YES;
				GCC_PREFIX_HEADER = "TDSTableViewController/TDSTableViewController-Prefix.pch";
				INFOPLIST_FILE = "TDSTableViewController/TDSTableViewController-Info.plist";
				IPHONEOS_DEPLOYMENT_TARGET = 4.0;
				PRODUCT_NAME = "$(TARGET_NAME)";
				WRAPPER_EXTENSION = app;
			};
			name = Release;
		};
/* End XCBuildConfiguration section */

/* Begin XCConfigurationList section */
		2F19C112159AAD4D0066D3B6 /* Build configuration list for PBXProject "TDSTableViewController" */ = {
			isa = XCConfigurationList;
			buildConfigurations = (
				2F19C134159AAD4D0066D3B6 /* Debug */,
				2F19C135159AAD4D0066D3B6 /* Release */,
			);
			defaultConfigurationIsVisible = 0;
			defaultConfigurationName = Release;
		};
		2F19C136159AAD4D0066D3B6 /* Build configuration list for PBXNativeTarget "TDSTableViewController" */ = {
			isa = XCConfigurationList;
			buildConfigurations = (
				2F19C137159AAD4D0066D3B6 /* Debug */,
				2F19C138159AAD4D0066D3B6 /* Release */,
			);
			defaultConfigurationIsVisible = 0;
			defaultConfigurationName = Release;
		};
/* End XCConfigurationList section */
	};
	rootObject = 2F19C10F159AAD4D0066D3B6 /* Project object */;
}
